{
  "name": "personal-markdown-preview-style",
  "version": "1.0.4",
  "lockfileVersion": 3,
  "requires": true,
  "packages": {
    "": {
      "name": "personal-markdown-preview-style",
      "version": "1.0.4",
      "license": "MIT",
      "dependencies": {
        "markdown-it-task-lists": "^2.1.1"
      },
      "engines": {
        "vscode": "^1.80.0"
      }
    },
    "node_modules/markdown-it-task-lists": {
      "version": "2.1.1",
      "resolved": "https://registry.npmjs.org/markdown-it-task-lists/-/markdown-it-task-lists-2.1.1.tgz",
      "integrity": "sha512-TxFAc76Jnhb2OUu+n3yz9RMu4CwGfaT788br6HhEDlvWfdeJcLUsxk1Hgw2yJio0OXsxv7pyIPmvECY7bMbluA==",
      "license": "ISC"
    }
  }
}
